// !$*UTF8*$!
{
	archiveVersion = 1;
	classes = {
	};
	objectVersion = 50;
	objects = {

/* Begin PBXBuildFile section */
		1D4EAA22247AB3ED00B71422 /* UrbanDictionaryUITests.swift in Sources */ = {isa = PBXBuildFile; fileRef = 1D4EAA21247AB3ED00B71422 /* UrbanDictionaryUITests.swift */; };
		1DA8931A2478EC2700B23402 /* AppDelegate.swift in Sources */ = {isa = PBXBuildFile; fileRef = 1DA893192478EC2700B23402 /* AppDelegate.swift */; };
		1DA8931C2478EC2700B23402 /* SceneDelegate.swift in Sources */ = {isa = PBXBuildFile; fileRef = 1DA8931B2478EC2700B23402 /* SceneDelegate.swift */; };
		1DA8931E2478EC2700B23402 /* ContentView.swift in Sources */ = {isa = PBXBuildFile; fileRef = 1DA8931D2478EC2700B23402 /* ContentView.swift */; };
		1DA893202478EC2900B23402 /* Assets.xcassets in Resources */ = {isa = PBXBuildFile; fileRef = 1DA8931F2478EC2900B23402 /* Assets.xcassets */; };
		1DA893232478EC2900B23402 /* Preview Assets.xcassets in Resources */ = {isa = PBXBuildFile; fileRef = 1DA893222478EC2900B23402 /* Preview Assets.xcassets */; };
		1DA893262478EC2900B23402 /* LaunchScreen.storyboard in Resources */ = {isa = PBXBuildFile; fileRef = 1DA893242478EC2900B23402 /* LaunchScreen.storyboard */; };
		1DA8932F2478EC4C00B23402 /* NetworkManager.swift in Sources */ = {isa = PBXBuildFile; fileRef = 1DA8932E2478EC4C00B23402 /* NetworkManager.swift */; };
		1DA893322478EFCC00B23402 /* DataModel.swift in Sources */ = {isa = PBXBuildFile; fileRef = 1DA893312478EFCC00B23402 /* DataModel.swift */; };
		1DA89334247933D300B23402 /* ItemView.swift in Sources */ = {isa = PBXBuildFile; fileRef = 1DA89333247933D300B23402 /* ItemView.swift */; };
		1DA893362479438B00B23402 /* WebView.swift in Sources */ = {isa = PBXBuildFile; fileRef = 1DA893352479438B00B23402 /* WebView.swift */; };
		1DA893392479982700B23402 /* BackgroundView.swift in Sources */ = {isa = PBXBuildFile; fileRef = 1DA893382479982700B23402 /* BackgroundView.swift */; };
/* End PBXBuildFile section */

/* Begin PBXContainerItemProxy section */
		1D4EAA24247AB3ED00B71422 /* PBXContainerItemProxy */ = {
			isa = PBXContainerItemProxy;
			containerPortal = 1DA8930E2478EC2700B23402 /* Project object */;
			proxyType = 1;
			remoteGlobalIDString = 1DA893152478EC2700B23402;
			remoteInfo = UrbanDictionary;
		};
/* End PBXContainerItemProxy section */

/* Begin PBXFileReference section */
		1D4EAA1F247AB3ED00B71422 /* UrbanDictionaryUITests.xctest */ = {isa = PBXFileReference; explicitFileType = wrapper.cfbundle; includeInIndex = 0; path = UrbanDictionaryUITests.xctest; sourceTree = BUILT_PRODUCTS_DIR; };
		1D4EAA21247AB3ED00B71422 /* UrbanDictionaryUITests.swift */ = {isa = PBXFileReference; lastKnownFileType = sourcecode.swift; path = UrbanDictionaryUITests.swift; sourceTree = "<group>"; };
		1D4EAA23247AB3ED00B71422 /* Info.plist */ = {isa = PBXFileReference; lastKnownFileType = text.plist.xml; path = Info.plist; sourceTree = "<group>"; };
		1DA893162478EC2700B23402 /* UrbanDictionary.app */ = {isa = PBXFileReference; explicitFileType = wrapper.application; includeInIndex = 0; path = UrbanDictionary.app; sourceTree = BUILT_PRODUCTS_DIR; };
		1DA893192478EC2700B23402 /* AppDelegate.swift */ = {isa = PBXFileReference; lastKnownFileType = sourcecode.swift; path = AppDelegate.swift; sourceTree = "<group>"; };
		1DA8931B2478EC2700B23402 /* SceneDelegate.swift */ = {isa = PBXFileReference; lastKnownFileType = sourcecode.swift; path = SceneDelegate.swift; sourceTree = "<group>"; };
		1DA8931D2478EC2700B23402 /* ContentView.swift */ = {isa = PBXFileReference; lastKnownFileType = sourcecode.swift; path = ContentView.swift; sourceTree = "<group>"; };
		1DA8931F2478EC2900B23402 /* Assets.xcassets */ = {isa = PBXFileReference; lastKnownFileType = folder.assetcatalog; path = Assets.xcassets; sourceTree = "<group>"; };
		1DA893222478EC2900B23402 /* Preview Assets.xcassets */ = {isa = PBXFileReference; lastKnownFileType = folder.assetcatalog; path = "Preview Assets.xcassets"; sourceTree = "<group>"; };
		1DA893252478EC2900B23402 /* Base */ = {isa = PBXFileReference; lastKnownFileType = file.storyboard; name = Base; path = Base.lproj/LaunchScreen.storyboard; sourceTree = "<group>"; };
		1DA893272478EC2900B23402 /* Info.plist */ = {isa = PBXFileReference; lastKnownFileType = text.plist.xml; path = Info.plist; sourceTree = "<group>"; };
		1DA8932E2478EC4C00B23402 /* NetworkManager.swift */ = {isa = PBXFileReference; lastKnownFileType = sourcecode.swift; path = NetworkManager.swift; sourceTree = "<group>"; };
		1DA893312478EFCC00B23402 /* DataModel.swift */ = {isa = PBXFileReference; lastKnownFileType = sourcecode.swift; path = DataModel.swift; sourceTree = "<group>"; };
		1DA89333247933D300B23402 /* ItemView.swift */ = {isa = PBXFileReference; lastKnownFileType = sourcecode.swift; path = ItemView.swift; sourceTree = "<group>"; };
		1DA893352479438B00B23402 /* WebView.swift */ = {isa = PBXFileReference; lastKnownFileType = sourcecode.swift; path = WebView.swift; sourceTree = "<group>"; };
		1DA893382479982700B23402 /* BackgroundView.swift */ = {isa = PBXFileReference; lastKnownFileType = sourcecode.swift; path = BackgroundView.swift; sourceTree = "<group>"; };
/* End PBXFileReference section */

/* Begin PBXFrameworksBuildPhase section */
		1D4EAA1C247AB3ED00B71422 /* Frameworks */ = {
			isa = PBXFrameworksBuildPhase;
			buildActionMask = 2147483647;
			files = (
			);
			runOnlyForDeploymentPostprocessing = 0;
		};
		1DA893132478EC2700B23402 /* Frameworks */ = {
			isa = PBXFrameworksBuildPhase;
			buildActionMask = 2147483647;
			files = (
			);
			runOnlyForDeploymentPostprocessing = 0;
		};
/* End PBXFrameworksBuildPhase section */

/* Begin PBXGroup section */
		1D4EAA20247AB3ED00B71422 /* UrbanDictionaryUITests */ = {
			isa = PBXGroup;
			children = (
				1D4EAA21247AB3ED00B71422 /* UrbanDictionaryUITests.swift */,
				1D4EAA23247AB3ED00B71422 /* Info.plist */,
			);
			path = UrbanDictionaryUITests;
			sourceTree = "<group>";
		};
		1DA8930D2478EC2700B23402 = {
			isa = PBXGroup;
			children = (
				1DA893182478EC2700B23402 /* UrbanDictionary */,
				1D4EAA20247AB3ED00B71422 /* UrbanDictionaryUITests */,
				1DA893172478EC2700B23402 /* Products */,
			);
			sourceTree = "<group>";
		};
		1DA893172478EC2700B23402 /* Products */ = {
			isa = PBXGroup;
			children = (
				1DA893162478EC2700B23402 /* UrbanDictionary.app */,
				1D4EAA1F247AB3ED00B71422 /* UrbanDictionaryUITests.xctest */,
			);
			name = Products;
			sourceTree = "<group>";
		};
		1DA893182478EC2700B23402 /* UrbanDictionary */ = {
			isa = PBXGroup;
			children = (
				1DA893372479980600B23402 /* Background */,
				1DA893302478EFB900B23402 /* Model */,
				1DA8932D2478EC3400B23402 /* Network */,
				1DA893192478EC2700B23402 /* AppDelegate.swift */,
				1DA8931B2478EC2700B23402 /* SceneDelegate.swift */,
				1DA8931D2478EC2700B23402 /* ContentView.swift */,
				1DA8931F2478EC2900B23402 /* Assets.xcassets */,
				1DA893242478EC2900B23402 /* LaunchScreen.storyboard */,
				1DA893272478EC2900B23402 /* Info.plist */,
				1DA893212478EC2900B23402 /* Preview Content */,
			);
			path = UrbanDictionary;
			sourceTree = "<group>";
		};
		1DA893212478EC2900B23402 /* Preview Content */ = {
			isa = PBXGroup;
			children = (
				1DA893222478EC2900B23402 /* Preview Assets.xcassets */,
			);
			path = "Preview Content";
			sourceTree = "<group>";
		};
		1DA8932D2478EC3400B23402 /* Network */ = {
			isa = PBXGroup;
			children = (
				1DA8932E2478EC4C00B23402 /* NetworkManager.swift */,
				1DA893352479438B00B23402 /* WebView.swift */,
			);
			path = Network;
			sourceTree = "<group>";
		};
		1DA893302478EFB900B23402 /* Model */ = {
			isa = PBXGroup;
			children = (
				1DA893312478EFCC00B23402 /* DataModel.swift */,
				1DA89333247933D300B23402 /* ItemView.swift */,
			);
			path = Model;
			sourceTree = "<group>";
		};
		1DA893372479980600B23402 /* Background */ = {
			isa = PBXGroup;
			children = (
				1DA893382479982700B23402 /* BackgroundView.swift */,
			);
			path = Background;
			sourceTree = "<group>";
		};
/* End PBXGroup section */

/* Begin PBXNativeTarget section */
		1D4EAA1E247AB3ED00B71422 /* UrbanDictionaryUITests */ = {
			isa = PBXNativeTarget;
			buildConfigurationList = 1D4EAA28247AB3ED00B71422 /* Build configuration list for PBXNativeTarget "UrbanDictionaryUITests" */;
			buildPhases = (
				1D4EAA1B247AB3ED00B71422 /* Sources */,
				1D4EAA1C247AB3ED00B71422 /* Frameworks */,
				1D4EAA1D247AB3ED00B71422 /* Resources */,
			);
			buildRules = (
			);
			dependencies = (
				1D4EAA25247AB3ED00B71422 /* PBXTargetDependency */,
			);
			name = UrbanDictionaryUITests;
			productName = UrbanDictionaryUITests;
			productReference = 1D4EAA1F247AB3ED00B71422 /* UrbanDictionaryUITests.xctest */;
			productType = "com.apple.product-type.bundle.ui-testing";
		};
		1DA893152478EC2700B23402 /* UrbanDictionary */ = {
			isa = PBXNativeTarget;
			buildConfigurationList = 1DA8932A2478EC2900B23402 /* Build configuration list for PBXNativeTarget "UrbanDictionary" */;
			buildPhases = (
				1DA893122478EC2700B23402 /* Sources */,
				1DA893132478EC2700B23402 /* Frameworks */,
				1DA893142478EC2700B23402 /* Resources */,
			);
			buildRules = (
			);
			dependencies = (
			);
			name = UrbanDictionary;
			productName = UrbanDictionary;
			productReference = 1DA893162478EC2700B23402 /* UrbanDictionary.app */;
			productType = "com.apple.product-type.application";
		};
/* End PBXNativeTarget section */

/* Begin PBXProject section */
		1DA8930E2478EC2700B23402 /* Project object */ = {
			isa = PBXProject;
			attributes = {
				LastSwiftUpdateCheck = 1150;
				LastUpgradeCheck = 1150;
				ORGANIZATIONNAME = "Ramill Ibragimov";
				TargetAttributes = {
					1D4EAA1E247AB3ED00B71422 = {
						CreatedOnToolsVersion = 11.5;
						TestTargetID = 1DA893152478EC2700B23402;
					};
					1DA893152478EC2700B23402 = {
						CreatedOnToolsVersion = 11.5;
					};
				};
			};
			buildConfigurationList = 1DA893112478EC2700B23402 /* Build configuration list for PBXProject "UrbanDictionary" */;
			compatibilityVersion = "Xcode 9.3";
			developmentRegion = en;
			hasScannedForEncodings = 0;
			knownRegions = (
				en,
				Base,
			);
			mainGroup = 1DA8930D2478EC2700B23402;
			productRefGroup = 1DA893172478EC2700B23402 /* Products */;
			projectDirPath = "";
			projectRoot = "";
			targets = (
				1DA893152478EC2700B23402 /* UrbanDictionary */,
				1D4EAA1E247AB3ED00B71422 /* UrbanDictionaryUITests */,
			);
		};
/* End PBXProject section */

/* Begin PBXResourcesBuildPhase section */
		1D4EAA1D247AB3ED00B71422 /* Resources */ = {
			isa = PBXResourcesBuildPhase;
			buildActionMask = 2147483647;
			files = (
			);
			runOnlyForDeploymentPostprocessing = 0;
		};
		1DA893142478EC2700B23402 /* Resources */ = {
			isa = PBXResourcesBuildPhase;
			buildActionMask = 2147483647;
			files = (
				1DA893262478EC2900B23402 /* LaunchScreen.storyboard in Resources */,
				1DA893232478EC2900B23402 /* Preview Assets.xcassets in Resources */,
				1DA893202478EC2900B23402 /* Assets.xcassets in Resources */,
			);
			runOnlyForDeploymentPostprocessing = 0;
		};
/* End PBXResourcesBuildPhase section */

/* Begin PBXSourcesBuildPhase section */
		1D4EAA1B247AB3ED00B71422 /* Sources */ = {
			isa = PBXSourcesBuildPhase;
			buildActionMask = 2147483647;
			files = (
				1D4EAA22247AB3ED00B71422 /* UrbanDictionaryUITests.swift in Sources */,
			);
			runOnlyForDeploymentPostprocessing = 0;
		};
		1DA893122478EC2700B23402 /* Sources */ = {
			isa = PBXSourcesBuildPhase;
			buildActionMask = 2147483647;
			files = (
				1DA893322478EFCC00B23402 /* DataModel.swift in Sources */,
				1DA89334247933D300B23402 /* ItemView.swift in Sources */,
				1DA893392479982700B23402 /* BackgroundView.swift in Sources */,
				1DA8932F2478EC4C00B23402 /* NetworkManager.swift in Sources */,
				1DA8931A2478EC2700B23402 /* AppDelegate.swift in Sources */,
				1DA8931C2478EC2700B23402 /* SceneDelegate.swift in Sources */,
				1DA8931E2478EC2700B23402 /* ContentView.swift in Sources */,
				1DA893362479438B00B23402 /* WebView.swift in Sources */,
			);
			runOnlyForDeploymentPostprocessing = 0;
		};
/* End PBXSourcesBuildPhase section */

/* Begin PBXTargetDependency section */
		1D4EAA25247AB3ED00B71422 /* PBXTargetDependency */ = {
			isa = PBXTargetDependency;
			target = 1DA893152478EC2700B23402 /* UrbanDictionary */;
			targetProxy = 1D4EAA24247AB3ED00B71422 /* PBXContainerItemProxy */;
		};
/* End PBXTargetDependency section */

/* Begin PBXVariantGroup section */
		1DA893242478EC2900B23402 /* LaunchScreen.storyboard */ = {
			isa = PBXVariantGroup;
			children = (
				1DA893252478EC2900B23402 /* Base */,
			);
			name = LaunchScreen.storyboard;
			sourceTree = "<group>";
		};
/* End PBXVariantGroup section */

/* Begin XCBuildConfiguration section */
		1D4EAA26247AB3ED00B71422 /* Debug */ = {
			isa = XCBuildConfiguration;
			buildSettings = {
				CODE_SIGN_STYLE = Automatic;
				DEVELOPMENT_TEAM = L8W86DZDY2;
				INFOPLIST_FILE = UrbanDictionaryUITests/Info.plist;
				LD_RUNPATH_SEARCH_PATHS = (
					"$(inherited)",
					"@executable_path/Frameworks",
					"@loader_path/Frameworks",
				);
				PRODUCT_BUNDLE_IDENTIFIER = com.ri.UrbanDictionaryUITests;
				PRODUCT_NAME = "$(TARGET_NAME)";
				SWIFT_VERSION = 5.0;
				TARGETED_DEVICE_FAMILY = "1,2";
				TEST_TARGET_NAME = UrbanDictionary;
			};
			name = Debug;
		};
		1D4EAA27247AB3ED00B71422 /* Release */ = {
			isa = XCBuildConfiguration;
			buildSettings = {
				CODE_SIGN_STYLE = Automatic;
				DEVELOPMENT_TEAM = L8W86DZDY2;
				INFOPLIST_FILE = UrbanDictionaryUITests/Info.plist;
				LD_RUNPATH_SEARCH_PATHS = (
					"$(inherited)",
					"@executable_path/Frameworks",
					"@loader_path/Frameworks",
				);
				PRODUCT_BUNDLE_IDENTIFIER = com.ri.UrbanDictionaryUITests;
				PRODUCT_NAME = "$(TARGET_NAME)";
				SWIFT_VERSION = 5.0;
				TARGETED_DEVICE_FAMILY = "1,2";
				TEST_TARGET_NAME = UrbanDictionary;
			};
			name = Release;
		};
		1DA893282478EC2900B23402 /* Debug */ = {
			isa = XCBuildConfiguration;
			buildSettings = {
				ALWAYS_SEARCH_USER_PATHS = NO;
				CLANG_ANALYZER_NONNULL = YES;
				CLANG_ANALYZER_NUMBER_OBJECT_CONVERSION = YES_AGGRESSIVE;
				CLANG_CXX_LANGUAGE_STANDARD = "gnu++14";
				CLANG_CXX_LIBRARY = "libc++";
				CLANG_ENABLE_MODULES = YES;
				CLANG_ENABLE_OBJC_ARC = YES;
				CLANG_ENABLE_OBJC_WEAK = YES;
				CLANG_WARN_BLOCK_CAPTURE_AUTORELEASING = YES;
				CLANG_WARN_BOOL_CONVERSION = YES;
				CLANG_WARN_COMMA = YES;
				CLANG_WARN_CONSTANT_CONVERSION = YES;
				CLANG_WARN_DEPRECATED_OBJC_IMPLEMENTATIONS = YES;
				CLANG_WARN_DIRECT_OBJC_ISA_USAGE = YES_ERROR;
				CLANG_WARN_DOCUMENTATION_COMMENTS = YES;
				CLANG_WARN_EMPTY_BODY = YES;
				CLANG_WARN_ENUM_CONVERSION = YES;
				CLANG_WARN_INFINITE_RECURSION = YES;
				CLANG_WARN_INT_CONVERSION = YES;
				CLANG_WARN_NON_LITERAL_NULL_CONVERSION = YES;
				CLANG_WARN_OBJC_IMPLICIT_RETAIN_SELF = YES;
				CLANG_WARN_OBJC_LITERAL_CONVERSION = YES;
				CLANG_WARN_OBJC_ROOT_CLASS = YES_ERROR;
				CLANG_WARN_RANGE_LOOP_ANALYSIS = YES;
				CLANG_WARN_STRICT_PROTOTYPES = YES;
				CLANG_WARN_SUSPICIOUS_MOVE = YES;
				CLANG_WARN_UNGUARDED_AVAILABILITY = YES_AGGRESSIVE;
				CLANG_WARN_UNREACHABLE_CODE = YES;
				CLANG_WARN__DUPLICATE_METHOD_MATCH = YES;
				COPY_PHASE_STRIP = NO;
				DEBUG_INFORMATION_FORMAT = dwarf;
				ENABLE_STRICT_OBJC_MSGSEND = YES;
				ENABLE_TESTABILITY = YES;
				GCC_C_LANGUAGE_STANDARD = gnu11;
				GCC_DYNAMIC_NO_PIC = NO;
				GCC_NO_COMMON_BLOCKS = YES;
				GCC_OPTIMIZATION_LEVEL = 0;
				GCC_PREPROCESSOR_DEFINITIONS = (
					"DEBUG=1",
					"$(inherited)",
				);
				GCC_WARN_64_TO_32_BIT_CONVERSION = YES;
				GCC_WARN_ABOUT_RETURN_TYPE = YES_ERROR;
				GCC_WARN_UNDECLARED_SELECTOR = YES;
				GCC_WARN_UNINITIALIZED_AUTOS = YES_AGGRESSIVE;
				GCC_WARN_UNUSED_FUNCTION = YES;
				GCC_WARN_UNUSED_VARIABLE = YES;
				IPHONEOS_DEPLOYMENT_TARGET = 13.5;
				MTL_ENABLE_DEBUG_INFO = INCLUDE_SOURCE;
				MTL_FAST_MATH = YES;
				ONLY_ACTIVE_ARCH = YES;
				SDKROOT = iphoneos;
				SWIFT_ACTIVE_COMPILATION_CONDITIONS = DEBUG;
				SWIFT_OPTIMIZATION_LEVEL = "-Onone";
			};
			name = Debug;
		};
		1DA893292478EC2900B23402 /* Release */ = {
			isa = XCBuildConfiguration;
			buildSettings = {
				ALWAYS_SEARCH_USER_PATHS = NO;
				CLANG_ANALYZER_NONNULL = YES;
				CLANG_ANALYZER_NUMBER_OBJECT_CONVERSION = YES_AGGRESSIVE;
				CLANG_CXX_LANGUAGE_STANDARD = "gnu++14";
				CLANG_CXX_LIBRARY = "libc++";
				CLANG_ENABLE_MODULES = YES;
				CLANG_ENABLE_OBJC_ARC = YES;
				CLANG_ENABLE_OBJC_WEAK = YES;
				CLANG_WARN_BLOCK_CAPTURE_AUTORELEASING = YES;
				CLANG_WARN_BOOL_CONVERSION = YES;
				CLANG_WARN_COMMA = YES;
				CLANG_WARN_CONSTANT_CONVERSION = YES;
				CLANG_WARN_DEPRECATED_OBJC_IMPLEMENTATIONS = YES;
				CLANG_WARN_DIRECT_OBJC_ISA_USAGE = YES_ERROR;
				CLANG_WARN_DOCUMENTATION_COMMENTS = YES;
				CLANG_WARN_EMPTY_BODY = YES;
				CLANG_WARN_ENUM_CONVERSION = YES;
				CLANG_WARN_INFINITE_RECURSION = YES;
				CLANG_WARN_INT_CONVERSION = YES;
				CLANG_WARN_NON_LITERAL_NULL_CONVERSION = YES;
				CLANG_WARN_OBJC_IMPLICIT_RETAIN_SELF = YES;
				CLANG_WARN_OBJC_LITERAL_CONVERSION = YES;
				CLANG_WARN_OBJC_ROOT_CLASS = YES_ERROR;
				CLANG_WARN_RANGE_LOOP_ANALYSIS = YES;
				CLANG_WARN_STRICT_PROTOTYPES = YES;
				CLANG_WARN_SUSPICIOUS_MOVE = YES;
				CLANG_WARN_UNGUARDED_AVAILABILITY = YES_AGGRESSIVE;
				CLANG_WARN_UNREACHABLE_CODE = YES;
				CLANG_WARN__DUPLICATE_METHOD_MATCH = YES;
				COPY_PHASE_STRIP = NO;
				DEBUG_INFORMATION_FORMAT = "dwarf-with-dsym";
				ENABLE_NS_ASSERTIONS = NO;
				ENABLE_STRICT_OBJC_MSGSEND = YES;
				GCC_C_LANGUAGE_STANDARD = gnu11;
				GCC_NO_COMMON_BLOCKS = YES;
				GCC_WARN_64_TO_32_BIT_CONVERSION = YES;
				GCC_WARN_ABOUT_RETURN_TYPE = YES_ERROR;
				GCC_WARN_UNDECLARED_SELECTOR = YES;
				GCC_WARN_UNINITIALIZED_AUTOS = YES_AGGRESSIVE;
				GCC_WARN_UNUSED_FUNCTION = YES;
				GCC_WARN_UNUSED_VARIABLE = YES;
				IPHONEOS_DEPLOYMENT_TARGET = 13.5;
				MTL_ENABLE_DEBUG_INFO = NO;
				MTL_FAST_MATH = YES;
				SDKROOT = iphoneos;
				SWIFT_COMPILATION_MODE = wholemodule;
				SWIFT_OPTIMIZATION_LEVEL = "-O";
				VALIDATE_PRODUCT = YES;
			};
			name = Release;
		};
		1DA8932B2478EC2900B23402 /* Debug */ = {
			isa = XCBuildConfiguration;
			buildSettings = {
				ASSETCATALOG_COMPILER_APPICON_NAME = AppIcon;
				CODE_SIGN_STYLE = Automatic;
				DEVELOPMENT_ASSET_PATHS = "\"UrbanDictionary/Preview Content\"";
				DEVELOPMENT_TEAM = L8W86DZDY2;
				ENABLE_PREVIEWS = YES;
				INFOPLIST_FILE = UrbanDictionary/Info.plist;
				LD_RUNPATH_SEARCH_PATHS = (
					"$(inherited)",
					"@executable_path/Frameworks",
				);
				PRODUCT_BUNDLE_IDENTIFIER = com.ri.UrbanDictionary;
				PRODUCT_NAME = "$(TARGET_NAME)";
				SWIFT_VERSION = 5.0;
				TARGETED_DEVICE_FAMILY = "1,2";
			};
			name = Debug;
		};
		1DA8932C2478EC2900B23402 /* Release */ = {
			isa = XCBuildConfiguration;
			buildSettings = {
				ASSETCATALOG_COMPILER_APPICON_NAME = AppIcon;
				CODE_SIGN_STYLE = Automatic;
				DEVELOPMENT_ASSET_PATHS = "\"UrbanDictionary/Preview Content\"";
				DEVELOPMENT_TEAM = L8W86DZDY2;
				ENABLE_PREVIEWS = YES;
				INFOPLIST_FILE = UrbanDictionary/Info.plist;
				LD_RUNPATH_SEARCH_PATHS = (
					"$(inherited)",
					"@executable_path/Frameworks",
				);
				PRODUCT_BUNDLE_IDENTIFIER = com.ri.UrbanDictionary;
				PRODUCT_NAME = "$(TARGET_NAME)";
				SWIFT_VERSION = 5.0;
				TARGETED_DEVICE_FAMILY = "1,2";
			};
			name = Release;
		};
/* End XCBuildConfiguration section */

/* Begin XCConfigurationList section */
		1D4EAA28247AB3ED00B71422 /* Build configuration list for PBXNativeTarget "UrbanDictionaryUITests" */ = {
			isa = XCConfigurationList;
			buildConfigurations = (
				1D4EAA26247AB3ED00B71422 /* Debug */,
				1D4EAA27247AB3ED00B71422 /* Release */,
			);
			defaultConfigurationIsVisible = 0;
			defaultConfigurationName = Release;
		};
		1DA893112478EC2700B23402 /* Build configuration list for PBXProject "UrbanDictionary" */ = {
			isa = XCConfigurationList;
			buildConfigurations = (
				1DA893282478EC2900B23402 /* Debug */,
				1DA893292478EC2900B23402 /* Release */,
			);
			defaultConfigurationIsVisible = 0;
			defaultConfigurationName = Release;
		};
		1DA8932A2478EC2900B23402 /* Build configuration list for PBXNativeTarget "UrbanDictionary" */ = {
			isa = XCConfigurationList;
			buildConfigurations = (
				1DA8932B2478EC2900B23402 /* Debug */,
				1DA8932C2478EC2900B23402 /* Release */,
			);
			defaultConfigurationIsVisible = 0;
			defaultConfigurationName = Release;
		};
/* End XCConfigurationList section */
	};
	rootObject = 1DA8930E2478EC2700B23402 /* Project object */;
}
